
Microsoft Visual Studio Solution File, Format Version 12.00
# Visual Studio 15
VisualStudioVersion = 15.0.28307.421
MinimumVisualStudioVersion = 10.0.40219.1
Project("{DA7A21FA-8162-4350-AD77-A8D1B671F3ED}") = "Practical Statistics for Data Scientists", "Practical Statistics for Data Scientists\Practical Statistics for Data Scientists.rxproj", "{04A36C48-229D-484C-936E-5D74E841D36A}"
EndProject
Global
	GlobalSection(SolutionConfigurationPlatforms) = preSolution
		Debug|Any CPU = Debug|Any CPU
		Release|Any CPU = Release|Any CPU
	EndGlobalSection
	GlobalSection(ProjectConfigurationPlatforms) = postSolution
		{04A36C48-229D-484C-936E-5D74E841D36A}.Debug|Any CPU.ActiveCfg = Debug|Any CPU
		{04A36C48-229D-484C-936E-5D74E841D36A}.Debug|Any CPU.Build.0 = Debug|Any CPU
		{04A36C48-229D-484C-936E-5D74E841D36A}.Release|Any CPU.ActiveCfg = Release|Any CPU
		{04A36C48-229D-484C-936E-5D74E841D36A}.Release|Any CPU.Build.0 = Release|Any CPU
	EndGlobalSection
	GlobalSection(SolutionProperties) = preSolution
		HideSolutionNode = FALSE
	EndGlobalSection
	GlobalSection(ExtensibilityGlobals) = postSolution
		SolutionGuid = {C0484CE6-162A-43DA-9046-C202B07137A1}
	EndGlobalSection
EndGlobal
